
Microsoft Visual Studio Solution File, Format Version 12.00
Project("{FAE04EC0-301F-11D3-BF4B-00C04F79EFBC}") = "Camille.Core", "Camille.Core\Camille.Core.csproj", "{33FB1980-222C-43CE-882C-E08203EBBAA4}"
EndProject
Project("{FAE04EC0-301F-11D3-BF4B-00C04F79EFBC}") = "Camille.Imp", "Camille.Imp\Camille.Imp.csproj", "{9B0C0EFC-B0B7-45F7-93B2-BF53F0C16EA5}"
EndProject
Global
	GlobalSection(SolutionConfigurationPlatforms) = preSolution
		Debug|Any CPU = Debug|Any CPU
		Release|Any CPU = Release|Any CPU
	EndGlobalSection
	GlobalSection(ProjectConfigurationPlatforms) = postSolution
		{33FB1980-222C-43CE-882C-E08203EBBAA4}.Debug|Any CPU.ActiveCfg = Debug|Any CPU
		{33FB1980-222C-43CE-882C-E08203EBBAA4}.Debug|Any CPU.Build.0 = Debug|Any CPU
		{33FB1980-222C-43CE-882C-E08203EBBAA4}.Release|Any CPU.ActiveCfg = Release|Any CPU
		{33FB1980-222C-43CE-882C-E08203EBBAA4}.Release|Any CPU.Build.0 = Release|Any CPU
		{9B0C0EFC-B0B7-45F7-93B2-BF53F0C16EA5}.Debug|Any CPU.ActiveCfg = Debug|Any CPU
		{9B0C0EFC-B0B7-45F7-93B2-BF53F0C16EA5}.Debug|Any CPU.Build.0 = Debug|Any CPU
		{9B0C0EFC-B0B7-45F7-93B2-BF53F0C16EA5}.Release|Any CPU.ActiveCfg = Release|Any CPU
		{9B0C0EFC-B0B7-45F7-93B2-BF53F0C16EA5}.Release|Any CPU.Build.0 = Release|Any CPU
	EndGlobalSection
EndGlobal
